
Microsoft Visual Studio Solution File, Format Version 12.00
# Visual Studio Version 17
VisualStudioVersion = 17.1.32421.90
MinimumVisualStudioVersion = 10.0.40219.1
Project("{9A19103F-16F7-4668-BE54-9A1E7A4F7556}") = "DMOHelper", "DMOManager\DMOHelper.csproj", "{DD8F7FE7-5DE6-40CF-9F6D-36AF577D1367}"
EndProject
Project("{2150E333-8FDC-42A3-9474-1A3956D46DE8}") = "csvResources", "csvResources", "{10A69D72-8697-4A1E-B41D-78B3DB61F40A}"
	ProjectSection(SolutionItems) = preProject
		csvResources\accessoryPresets.csv = csvResources\accessoryPresets.csv
		csvResources\digimonPresets.csv = csvResources\digimonPresets.csv
		csvResources\statformula.csv = csvResources\statformula.csv
		csvResources\tamers.csv = csvResources\tamers.csv
		csvResources\tamerSkills.csv = csvResources\tamerSkills.csv
		csvResources\titles.csv = csvResources\titles.csv
	EndProjectSection
EndProject
Global
	GlobalSection(SolutionConfigurationPlatforms) = preSolution
		Debug|Any CPU = Debug|Any CPU
		Release|Any CPU = Release|Any CPU
	EndGlobalSection
	GlobalSection(ProjectConfigurationPlatforms) = postSolution
		{DD8F7FE7-5DE6-40CF-9F6D-36AF577D1367}.Debug|Any CPU.ActiveCfg = Debug|Any CPU
		{DD8F7FE7-5DE6-40CF-9F6D-36AF577D1367}.Debug|Any CPU.Build.0 = Debug|Any CPU
		{DD8F7FE7-5DE6-40CF-9F6D-36AF577D1367}.Release|Any CPU.ActiveCfg = Release|Any CPU
		{DD8F7FE7-5DE6-40CF-9F6D-36AF577D1367}.Release|Any CPU.Build.0 = Release|Any CPU
	EndGlobalSection
	GlobalSection(SolutionProperties) = preSolution
		HideSolutionNode = FALSE
	EndGlobalSection
	GlobalSection(ExtensibilityGlobals) = postSolution
		SolutionGuid = {B73B23FA-C282-49A7-888B-9D0E4798FF53}
	EndGlobalSection
EndGlobal
